
Microsoft Visual Studio Solution File, Format Version 12.00
# Visual Studio 14
VisualStudioVersion = 14.0.25420.1
MinimumVisualStudioVersion = 10.0.40219.1
Project("{FAE04EC0-301F-11D3-BF4B-00C04F79EFBC}") = "GenericLedger", "GenericLedger\GenericLedger.csproj", "{958301D1-70CB-4156-AEB9-1B34E0EF3394}"
EndProject
Project("{FAE04EC0-301F-11D3-BF4B-00C04F79EFBC}") = "GenericLedger.Test", "GenericLedger.Test\GenericLedger.Test.csproj", "{6CC48C22-8B30-4F48-9E38-40C68BE4FC8B}"
EndProject
Global
	GlobalSection(SolutionConfigurationPlatforms) = preSolution
		Debug|Any CPU = Debug|Any CPU
		Release|Any CPU = Release|Any CPU
	EndGlobalSection
	GlobalSection(ProjectConfigurationPlatforms) = postSolution
		{958301D1-70CB-4156-AEB9-1B34E0EF3394}.Debug|Any CPU.ActiveCfg = Debug|Any CPU
		{958301D1-70CB-4156-AEB9-1B34E0EF3394}.Debug|Any CPU.Build.0 = Debug|Any CPU
		{958301D1-70CB-4156-AEB9-1B34E0EF3394}.Release|Any CPU.ActiveCfg = Release|Any CPU
		{958301D1-70CB-4156-AEB9-1B34E0EF3394}.Release|Any CPU.Build.0 = Release|Any CPU
		{6CC48C22-8B30-4F48-9E38-40C68BE4FC8B}.Debug|Any CPU.ActiveCfg = Debug|Any CPU
		{6CC48C22-8B30-4F48-9E38-40C68BE4FC8B}.Debug|Any CPU.Build.0 = Debug|Any CPU
		{6CC48C22-8B30-4F48-9E38-40C68BE4FC8B}.Release|Any CPU.ActiveCfg = Release|Any CPU
		{6CC48C22-8B30-4F48-9E38-40C68BE4FC8B}.Release|Any CPU.Build.0 = Release|Any CPU
	EndGlobalSection
	GlobalSection(SolutionProperties) = preSolution
		HideSolutionNode = FALSE
	EndGlobalSection
EndGlobal
